
Microsoft Visual Studio Solution File, Format Version 12.00
# Visual Studio Version 17
VisualStudioVersion = 17.1.32210.238
MinimumVisualStudioVersion = 10.0.40219.1
Project("{FAE04EC0-301F-11D3-BF4B-00C04F79EFBC}") = "Patterns", "Patterns\Patterns.csproj", "{4A823EA4-3017-48FA-9817-706441C08F64}"
EndProject
Global
	GlobalSection(SolutionConfigurationPlatforms) = preSolution
		Debug|Any CPU = Debug|Any CPU
		Release|Any CPU = Release|Any CPU
	EndGlobalSection
	GlobalSection(ProjectConfigurationPlatforms) = postSolution
		{4A823EA4-3017-48FA-9817-706441C08F64}.Debug|Any CPU.ActiveCfg = Debug|Any CPU
		{4A823EA4-3017-48FA-9817-706441C08F64}.Debug|Any CPU.Build.0 = Debug|Any CPU
		{4A823EA4-3017-48FA-9817-706441C08F64}.Release|Any CPU.ActiveCfg = Release|Any CPU
		{4A823EA4-3017-48FA-9817-706441C08F64}.Release|Any CPU.Build.0 = Release|Any CPU
	EndGlobalSection
	GlobalSection(SolutionProperties) = preSolution
		HideSolutionNode = FALSE
	EndGlobalSection
	GlobalSection(ExtensibilityGlobals) = postSolution
		SolutionGuid = {082CA3F4-28EB-4810-95D6-A0279DA33E17}
	EndGlobalSection
EndGlobal
